
Microsoft Visual Studio Solution File, Format Version 12.00
# Visual Studio Version 16
VisualStudioVersion = 16.0.30907.101
MinimumVisualStudioVersion = 10.0.40219.1
Project("{9A19103F-16F7-4668-BE54-9A1E7A4F7556}") = "KampIntro", "KampIntro\KampIntro.csproj", "{AE907FCC-A778-4E85-8455-AAA99FA01A11}"
EndProject
Project("{9A19103F-16F7-4668-BE54-9A1E7A4F7556}") = "Kamp_Donguler_Loops", "Kamp_Donguler_Loops\Kamp_Donguler_Loops.csproj", "{90A10D4E-E0BB-4C45-9302-2A8FFCC0B903}"
EndProject
Project("{9A19103F-16F7-4668-BE54-9A1E7A4F7556}") = "Kamp_Classlar_Giris", "Kamp_Classlar_Giris\Kamp_Classlar_Giris.csproj", "{7EE34477-8DAC-4B5F-8D1E-FB7ACAB83E1C}"
EndProject
Project("{9A19103F-16F7-4668-BE54-9A1E7A4F7556}") = "KampMetodlar", "KampMetodlar\KampMetodlar.csproj", "{0C03CCAA-5237-4FC3-8731-F6228F3C41AA}"
EndProject
Project("{9A19103F-16F7-4668-BE54-9A1E7A4F7556}") = "Matematik", "Matematik\Matematik.csproj", "{695B06EC-1A36-4EE5-B3E6-A08E977CD8AA}"
EndProject
Project("{9A19103F-16F7-4668-BE54-9A1E7A4F7556}") = "DegerVeReferansTipler", "DegerVeReferansTipler\DegerVeReferansTipler.csproj", "{FE23E801-4CCD-415E-B019-BFE944C9FD3B}"
EndProject
Project("{9A19103F-16F7-4668-BE54-9A1E7A4F7556}") = "RefVeOutDay3Odev2", "RefVeOutDay3Odev2\RefVeOutDay3Odev2.csproj", "{2CDD918B-C1C0-484D-8D76-98031B6496D6}"
EndProject
Project("{9A19103F-16F7-4668-BE54-9A1E7A4F7556}") = "ClassMetotDemo", "ClassMetotDemo\ClassMetotDemo.csproj", "{28F5C262-B0DE-418B-84ED-AAA7A7AF0626}"
EndProject
Project("{9A19103F-16F7-4668-BE54-9A1E7A4F7556}") = "OOP1", "OOP1\OOP1.csproj", "{C03C061F-6B57-47B0-AAB9-495723A91B58}"
EndProject
Project("{FAE04EC0-301F-11D3-BF4B-00C04F79EFBC}") = "Koleksiyonlar", "Koleksiyonlar\Koleksiyonlar.csproj", "{940AADAA-6E2F-4174-9E40-35C15290E82C}"
EndProject
Project("{FAE04EC0-301F-11D3-BF4B-00C04F79EFBC}") = "GenericsIntro", "GenericsIntro\GenericsIntro.csproj", "{71121359-8F6F-40F2-9D96-9E1F66EB2A07}"
EndProject
Project("{FAE04EC0-301F-11D3-BF4B-00C04F79EFBC}") = "Gun4Odev1ReferanceTypes", "Gun4Odev1ReferanceTypes\Gun4Odev1ReferanceTypes.csproj", "{A9E94C86-DFF7-4008-9419-E27CE99FFED6}"
EndProject
Global
	GlobalSection(SolutionConfigurationPlatforms) = preSolution
		Debug|Any CPU = Debug|Any CPU
		Release|Any CPU = Release|Any CPU
	EndGlobalSection
	GlobalSection(ProjectConfigurationPlatforms) = postSolution
		{AE907FCC-A778-4E85-8455-AAA99FA01A11}.Debug|Any CPU.ActiveCfg = Debug|Any CPU
		{AE907FCC-A778-4E85-8455-AAA99FA01A11}.Debug|Any CPU.Build.0 = Debug|Any CPU
		{AE907FCC-A778-4E85-8455-AAA99FA01A11}.Release|Any CPU.ActiveCfg = Release|Any CPU
		{AE907FCC-A778-4E85-8455-AAA99FA01A11}.Release|Any CPU.Build.0 = Release|Any CPU
		{90A10D4E-E0BB-4C45-9302-2A8FFCC0B903}.Debug|Any CPU.ActiveCfg = Debug|Any CPU
		{90A10D4E-E0BB-4C45-9302-2A8FFCC0B903}.Debug|Any CPU.Build.0 = Debug|Any CPU
		{90A10D4E-E0BB-4C45-9302-2A8FFCC0B903}.Release|Any CPU.ActiveCfg = Release|Any CPU
		{90A10D4E-E0BB-4C45-9302-2A8FFCC0B903}.Release|Any CPU.Build.0 = Release|Any CPU
		{7EE34477-8DAC-4B5F-8D1E-FB7ACAB83E1C}.Debug|Any CPU.ActiveCfg = Debug|Any CPU
		{7EE34477-8DAC-4B5F-8D1E-FB7ACAB83E1C}.Debug|Any CPU.Build.0 = Debug|Any CPU
		{7EE34477-8DAC-4B5F-8D1E-FB7ACAB83E1C}.Release|Any CPU.ActiveCfg = Release|Any CPU
		{7EE34477-8DAC-4B5F-8D1E-FB7ACAB83E1C}.Release|Any CPU.Build.0 = Release|Any CPU
		{0C03CCAA-5237-4FC3-8731-F6228F3C41AA}.Debug|Any CPU.ActiveCfg = Debug|Any CPU
		{0C03CCAA-5237-4FC3-8731-F6228F3C41AA}.Debug|Any CPU.Build.0 = Debug|Any CPU
		{0C03CCAA-5237-4FC3-8731-F6228F3C41AA}.Release|Any CPU.ActiveCfg = Release|Any CPU
		{0C03CCAA-5237-4FC3-8731-F6228F3C41AA}.Release|Any CPU.Build.0 = Release|Any CPU
		{695B06EC-1A36-4EE5-B3E6-A08E977CD8AA}.Debug|Any CPU.ActiveCfg = Debug|Any CPU
		{695B06EC-1A36-4EE5-B3E6-A08E977CD8AA}.Debug|Any CPU.Build.0 = Debug|Any CPU
		{695B06EC-1A36-4EE5-B3E6-A08E977CD8AA}.Release|Any CPU.ActiveCfg = Release|Any CPU
		{695B06EC-1A36-4EE5-B3E6-A08E977CD8AA}.Release|Any CPU.Build.0 = Release|Any CPU
		{FE23E801-4CCD-415E-B019-BFE944C9FD3B}.Debug|Any CPU.ActiveCfg = Debug|Any CPU
		{FE23E801-4CCD-415E-B019-BFE944C9FD3B}.Debug|Any CPU.Build.0 = Debug|Any CPU
		{FE23E801-4CCD-415E-B019-BFE944C9FD3B}.Release|Any CPU.ActiveCfg = Release|Any CPU
		{FE23E801-4CCD-415E-B019-BFE944C9FD3B}.Release|Any CPU.Build.0 = Release|Any CPU
		{2CDD918B-C1C0-484D-8D76-98031B6496D6}.Debug|Any CPU.ActiveCfg = Debug|Any CPU
		{2CDD918B-C1C0-484D-8D76-98031B6496D6}.Debug|Any CPU.Build.0 = Debug|Any CPU
		{2CDD918B-C1C0-484D-8D76-98031B6496D6}.Release|Any CPU.ActiveCfg = Release|Any CPU
		{2CDD918B-C1C0-484D-8D76-98031B6496D6}.Release|Any CPU.Build.0 = Release|Any CPU
		{28F5C262-B0DE-418B-84ED-AAA7A7AF0626}.Debug|Any CPU.ActiveCfg = Debug|Any CPU
		{28F5C262-B0DE-418B-84ED-AAA7A7AF0626}.Debug|Any CPU.Build.0 = Debug|Any CPU
		{28F5C262-B0DE-418B-84ED-AAA7A7AF0626}.Release|Any CPU.ActiveCfg = Release|Any CPU
		{28F5C262-B0DE-418B-84ED-AAA7A7AF0626}.Release|Any CPU.Build.0 = Release|Any CPU
		{C03C061F-6B57-47B0-AAB9-495723A91B58}.Debug|Any CPU.ActiveCfg = Debug|Any CPU
		{C03C061F-6B57-47B0-AAB9-495723A91B58}.Debug|Any CPU.Build.0 = Debug|Any CPU
		{C03C061F-6B57-47B0-AAB9-495723A91B58}.Release|Any CPU.ActiveCfg = Release|Any CPU
		{C03C061F-6B57-47B0-AAB9-495723A91B58}.Release|Any CPU.Build.0 = Release|Any CPU
		{940AADAA-6E2F-4174-9E40-35C15290E82C}.Debug|Any CPU.ActiveCfg = Debug|Any CPU
		{940AADAA-6E2F-4174-9E40-35C15290E82C}.Debug|Any CPU.Build.0 = Debug|Any CPU
		{940AADAA-6E2F-4174-9E40-35C15290E82C}.Release|Any CPU.ActiveCfg = Release|Any CPU
		{940AADAA-6E2F-4174-9E40-35C15290E82C}.Release|Any CPU.Build.0 = Release|Any CPU
		{71121359-8F6F-40F2-9D96-9E1F66EB2A07}.Debug|Any CPU.ActiveCfg = Debug|Any CPU
		{71121359-8F6F-40F2-9D96-9E1F66EB2A07}.Debug|Any CPU.Build.0 = Debug|Any CPU
		{71121359-8F6F-40F2-9D96-9E1F66EB2A07}.Release|Any CPU.ActiveCfg = Release|Any CPU
		{71121359-8F6F-40F2-9D96-9E1F66EB2A07}.Release|Any CPU.Build.0 = Release|Any CPU
		{A9E94C86-DFF7-4008-9419-E27CE99FFED6}.Debug|Any CPU.ActiveCfg = Debug|Any CPU
		{A9E94C86-DFF7-4008-9419-E27CE99FFED6}.Debug|Any CPU.Build.0 = Debug|Any CPU
		{A9E94C86-DFF7-4008-9419-E27CE99FFED6}.Release|Any CPU.ActiveCfg = Release|Any CPU
		{A9E94C86-DFF7-4008-9419-E27CE99FFED6}.Release|Any CPU.Build.0 = Release|Any CPU
	EndGlobalSection
	GlobalSection(SolutionProperties) = preSolution
		HideSolutionNode = FALSE
	EndGlobalSection
	GlobalSection(ExtensibilityGlobals) = postSolution
		SolutionGuid = {0E1F0ACB-F964-4068-870B-40EE8FE45EEE}
	EndGlobalSection
EndGlobal
